dependencies:
- condition: ""
  enabled: false
  import-values: null
  name: cassandra
  repository: https://kubernetes-charts-incubator.storage.googleapis.com/
  tags: null
  version: 0.1.0
digest: sha256:edd518c3bd01e6f499c024f4fba004f21da46ad938898ff647a5df1cfea6153f
generated: 2017-06-04T12:20:28.42097447-04:00
